{
  "nodes": {
    "client-src": {
      "flake": false,
      "locked": {
        "lastModified": 1661021340,
        "narHash": "sha256-M52rQCIVHC77WoCoShvoPm+hZ8+12U8PXq4K/E9afjM=",
        "owner": "katzenpost",
        "repo": "katzen",
        "rev": "ebcd29221c59ff3fd44f408d150a862c1a5c0628",
        "type": "github"
      },
      "original": {
        "owner": "katzenpost",
        "ref": "main",
        "repo": "katzen",
        "type": "github"
      }
    },
    "nixpkgs": {
      "locked": {
        "lastModified": 0,
        "narHash": "sha256-ajXYYTE1uoY3ei/P1v+Knklf2QNCBxMtw1gByaPTGU4=",
        "path": "/nix/store/l9gfyh4wh4yrv0m9is00x82ba0synxgb-source",
        "type": "path"
      },
      "original": {
        "id": "nixpkgs",
        "type": "indirect"
      }
    },
    "root": {
      "inputs": {
        "client-src": "client-src",
        "nixpkgs": "nixpkgs",
        "server-src": "server-src"
      }
    },
    "server-src": {
      "flake": false,
      "locked": {
        "lastModified": 1637064236,
        "narHash": "sha256-QwJMAVHMUa6RBeLOkrzyyIOhM4LUoOcHktI6NtzS85Q=",
        "owner": "katzenpost",
        "repo": "katzenpost",
        "rev": "3f1c7d225a5fc55efb576dc10bef3432f1144d59",
        "type": "github"
      },
      "original": {
        "owner": "katzenpost",
        "ref": "v0.0.11",
        "repo": "katzenpost",
        "type": "github"
      }
    }
  },
  "root": "root",
  "version": 7
}
