{
  "nodes": {
    "gomod2nix": {
      "inputs": {
        "nixpkgs": [
          "nixpkgs"
        ],
        "utils": "utils"
      },
      "locked": {
        "lastModified": 1662095654,
        "narHash": "sha256-v2WMKnkpkz5YLYTBwh0NVgi3Xl4En249LCdrKTA4Nek=",
        "owner": "nix-community",
        "repo": "gomod2nix",
        "rev": "cc75990c60d01d9eedcf32ff4bf0055dd49c3ea1",
        "type": "github"
      },
      "original": {
        "owner": "nix-community",
        "repo": "gomod2nix",
        "type": "github"
      }
    },
    "nixpkgs": {
      "locked": {
        "lastModified": 0,
        "narHash": "sha256-ajXYYTE1uoY3ei/P1v+Knklf2QNCBxMtw1gByaPTGU4=",
        "path": "/nix/store/l9gfyh4wh4yrv0m9is00x82ba0synxgb-source",
        "type": "path"
      },
      "original": {
        "id": "nixpkgs",
        "type": "indirect"
      }
    },
    "root": {
      "inputs": {
        "gomod2nix": "gomod2nix",
        "nixpkgs": "nixpkgs",
        "src": "src"
      }
    },
    "src": {
      "flake": false,
      "locked": {
        "lastModified": 1637064236,
        "narHash": "sha256-QwJMAVHMUa6RBeLOkrzyyIOhM4LUoOcHktI6NtzS85Q=",
        "owner": "katzenpost",
        "repo": "katzenpost",
        "rev": "3f1c7d225a5fc55efb576dc10bef3432f1144d59",
        "type": "github"
      },
      "original": {
        "owner": "katzenpost",
        "ref": "v0.0.11",
        "repo": "katzenpost",
        "type": "github"
      }
    },
    "utils": {
      "locked": {
        "lastModified": 1653893745,
        "narHash": "sha256-0jntwV3Z8//YwuOjzhV2sgJJPt+HY6KhU7VZUL0fKZQ=",
        "owner": "numtide",
        "repo": "flake-utils",
        "rev": "1ed9fb1935d260de5fe1c2f7ee0ebaae17ed2fa1",
        "type": "github"
      },
      "original": {
        "owner": "numtide",
        "repo": "flake-utils",
        "type": "github"
      }
    }
  },
  "root": "root",
  "version": 7
}
